// !$*UTF8*$!
{
	archiveVersion = 1;
	classes = {
	};
	objectVersion = 56;
	objects = {

/* Begin PBXBuildFile section */
		A1B2C3D4E5F6000000000001 /* ContentView.swift in Sources */ = {isa = PBXBuildFile; fileRef = A1B2C3D4E5F6000000000011 /* ContentView.swift */; };
		A1B2C3D4E5F6000000000002 /* MotionLocationRecorder.swift in Sources */ = {isa = PBXBuildFile; fileRef = A1B2C3D4E5F6000000000012 /* MotionLocationRecorder.swift */; };
		A1B2C3D4E5F6000000000003 /* accelsensordatarecordingApp.swift in Sources */ = {isa = PBXBuildFile; fileRef = A1B2C3D4E5F6000000000013 /* accelsensordatarecordingApp.swift */; };
		A1B2C3D4E5F6000000000004 /* RecordingManager.swift in Sources */ = {isa = PBXBuildFile; fileRef = A1B2C3D4E5F6000000000014 /* RecordingManager.swift */; };
		A1B2C3D4E5F6000000000005 /* Recording.swift in Sources */ = {isa = PBXBuildFile; fileRef = A1B2C3D4E5F6000000000015 /* Recording.swift */; };
		A1B2C3D4E5F6000000000006 /* RecordButton.swift in Sources */ = {isa = PBXBuildFile; fileRef = A1B2C3D4E5F6000000000016 /* RecordButton.swift */; };
		A1B2C3D4E5F6000000000007 /* Assets.xcassets in Resources */ = {isa = PBXBuildFile; fileRef = A1B2C3D4E5F6000000000017 /* Assets.xcassets */; };
		A1B2C3D4E5F6000000000008 /* Preview Assets.xcassets in Resources */ = {isa = PBXBuildFile; fileRef = A1B2C3D4E5F6000000000018 /* Preview Assets.xcassets */; };
/* End PBXBuildFile section */

/* Begin PBXFileReference section */
		A1B2C3D4E5F6000000000010 /* accelsensordatarecording.app */ = {isa = PBXFileReference; explicitFileType = wrapper.application; path = accelsensordatarecording.app; sourceTree = BUILT_PRODUCTS_DIR; };
		A1B2C3D4E5F6000000000011 /* ContentView.swift */ = {isa = PBXFileReference; lastKnownFileType = sourcecode.swift; path = ContentView.swift; sourceTree = "<group>"; };
		A1B2C3D4E5F6000000000012 /* MotionLocationRecorder.swift */ = {isa = PBXFileReference; lastKnownFileType = sourcecode.swift; path = MotionLocationRecorder.swift; sourceTree = "<group>"; };
		A1B2C3D4E5F6000000000013 /* accelsensordatarecordingApp.swift */ = {isa = PBXFileReference; lastKnownFileType = sourcecode.swift; path = accelsensordatarecordingApp.swift; sourceTree = "<group>"; };
		A1B2C3D4E5F6000000000014 /* RecordingManager.swift */ = {isa = PBXFileReference; lastKnownFileType = sourcecode.swift; path = RecordingManager.swift; sourceTree = "<group>"; };
		A1B2C3D4E5F6000000000015 /* Recording.swift */ = {isa = PBXFileReference; lastKnownFileType = sourcecode.swift; path = Recording.swift; sourceTree = "<group>"; };
		A1B2C3D4E5F6000000000016 /* RecordButton.swift */ = {isa = PBXFileReference; lastKnownFileType = sourcecode.swift; path = RecordButton.swift; sourceTree = "<group>"; };
		A1B2C3D4E5F6000000000017 /* Assets.xcassets */ = {isa = PBXFileReference; lastKnownFileType = folder.assetcatalog; path = Assets.xcassets; sourceTree = "<group>"; };
		A1B2C3D4E5F6000000000018 /* Preview Assets.xcassets */ = {isa = PBXFileReference; lastKnownFileType = folder.assetcatalog; path = "Preview Assets.xcassets"; sourceTree = "<group>"; };
		A1B2C3D4E5F6000000000019 /* Info.plist */ = {isa = PBXFileReference; lastKnownFileType = text.plist.xml; path = Info.plist; sourceTree = "<group>"; };
/* End PBXFileReference section */

/* Begin PBXGroup section */
		A1B2C3D4E5F6000000000030 = {
			isa = PBXGroup;
			children = (
				A1B2C3D4E5F6000000000031 /* accelsensordatarecording */,
				A1B2C3D4E5F6000000000032 /* Products */,
			);
			sourceTree = "<group>";
		};
		A1B2C3D4E5F6000000000031 /* accelsensordatarecording */ = {
			isa = PBXGroup;
			children = (
				A1B2C3D4E5F6000000000013 /* accelsensordatarecordingApp.swift */,
				A1B2C3D4E5F6000000000011 /* ContentView.swift */,
				A1B2C3D4E5F6000000000033 /* Models */,
				A1B2C3D4E5F6000000000034 /* Views */,
				A1B2C3D4E5F6000000000012 /* MotionLocationRecorder.swift */,
				A1B2C3D4E5F6000000000014 /* RecordingManager.swift */,
				A1B2C3D4E5F6000000000017 /* Assets.xcassets */,
				A1B2C3D4E5F6000000000035 /* Preview Content */,
				A1B2C3D4E5F6000000000019 /* Info.plist */,
			);
			path = accelsensordatarecording;
			sourceTree = "<group>";
		};
		A1B2C3D4E5F6000000000032 /* Products */ = {
			isa = PBXGroup;
			children = (
				A1B2C3D4E5F6000000000010 /* accelsensordatarecording.app */,
			);
			name = Products;
			sourceTree = "<group>";
		};
		A1B2C3D4E5F6000000000033 /* Models */ = {
			isa = PBXGroup;
			children = (
				A1B2C3D4E5F6000000000015 /* Recording.swift */,
			);
			path = Models;
			sourceTree = "<group>";
		};
		A1B2C3D4E5F6000000000034 /* Views */ = {
			isa = PBXGroup;
			children = (
				A1B2C3D4E5F6000000000016 /* RecordButton.swift */,
			);
			path = Views;
			sourceTree = "<group>";
		};
		A1B2C3D4E5F6000000000035 /* Preview Content */ = {
			isa = PBXGroup;
			children = (
				A1B2C3D4E5F6000000000018 /* Preview Assets.xcassets */,
			);
			path = "Preview Content";
			sourceTree = "<group>";
		};
/* End PBXGroup section */

/* Begin PBXNativeTarget section */
		A1B2C3D4E5F6000000000040 /* accelsensordatarecording */ = {
			isa = PBXNativeTarget;
			buildConfigurationList = A1B2C3D4E5F6000000000041 /* Build configuration list for PBXNativeTarget "accelsensordatarecording" */;
			buildPhases = (
				A1B2C3D4E5F6000000000042 /* Sources */,
				A1B2C3D4E5F6000000000044 /* Resources */,
			);
			buildRules = (
			);
			dependencies = (
			);
			name = accelsensordatarecording;
			productName = accelsensordatarecording;
			productReference = A1B2C3D4E5F6000000000010 /* accelsensordatarecording.app */;
			productType = "com.apple.product-type.application";
		};
/* End PBXNativeTarget section */

/* Begin PBXProject section */
		A1B2C3D4E5F6000000000050 /* Project object */ = {
			isa = PBXProject;
			attributes = {
				BuildIndependentTargetsInParallel = 1;
				LastSwiftUpdateCheck = 1520;
				LastUpgradeCheck = 2620;
				TargetAttributes = {
					A1B2C3D4E5F6000000000040 = {
						CreatedOnToolsVersion = 15.2;
					};
				};
			};
			buildConfigurationList = A1B2C3D4E5F6000000000051 /* Build configuration list for PBXProject "accelsensordatarecording" */;
			compatibilityVersion = "Xcode 14.0";
			developmentRegion = en;
			hasScannedForEncodings = 0;
			knownRegions = (
				en,
				Base,
			);
			mainGroup = A1B2C3D4E5F6000000000030;
			productRefGroup = A1B2C3D4E5F6000000000032 /* Products */;
			projectDirPath = "";
			projectRoot = "";
			targets = (
				A1B2C3D4E5F6000000000040 /* accelsensordatarecording */,
			);
		};
/* End PBXProject section */

/* Begin PBXResourcesBuildPhase section */
		A1B2C3D4E5F6000000000044 /* Resources */ = {
			isa = PBXResourcesBuildPhase;
			buildActionMask = 2147483647;
			files = (
				A1B2C3D4E5F6000000000007 /* Assets.xcassets in Resources */,
				A1B2C3D4E5F6000000000008 /* Preview Assets.xcassets in Resources */,
			);
			runOnlyForDeploymentPostprocessing = 0;
		};
/* End PBXResourcesBuildPhase section */

/* Begin PBXSourcesBuildPhase section */
		A1B2C3D4E5F6000000000042 /* Sources */ = {
			isa = PBXSourcesBuildPhase;
			buildActionMask = 2147483647;
			files = (
				A1B2C3D4E5F6000000000003 /* accelsensordatarecordingApp.swift in Sources */,
				A1B2C3D4E5F6000000000001 /* ContentView.swift in Sources */,
				A1B2C3D4E5F6000000000002 /* MotionLocationRecorder.swift in Sources */,
				A1B2C3D4E5F6000000000004 /* RecordingManager.swift in Sources */,
				A1B2C3D4E5F6000000000005 /* Recording.swift in Sources */,
				A1B2C3D4E5F6000000000006 /* RecordButton.swift in Sources */,
			);
			runOnlyForDeploymentPostprocessing = 0;
		};
/* End PBXSourcesBuildPhase section */

/* Begin XCBuildConfiguration section */
		A1B2C3D4E5F6000000000060 /* Debug */ = {
			isa = XCBuildConfiguration;
			buildSettings = {
				ASSETCATALOG_COMPILER_APPICON_NAME = AppIcon;
				CLANG_ENABLE_MODULES = YES;
				CLANG_WARN_BLOCK_CAPTURE_AUTORELEASING = YES;
				CLANG_WARN_BOOL_CONVERSION = YES;
				CLANG_WARN_COMMA = YES;
				CLANG_WARN_CONSTANT_CONVERSION = YES;
				CLANG_WARN_DEPRECATED_OBJC_IMPLEMENTATIONS = YES;
				CLANG_WARN_EMPTY_BODY = YES;
				CLANG_WARN_ENUM_CONVERSION = YES;
				CLANG_WARN_INFINITE_RECURSION = YES;
				CLANG_WARN_INT_CONVERSION = YES;
				CLANG_WARN_NON_LITERAL_NULL_CONVERSION = YES;
				CLANG_WARN_OBJC_IMPLICIT_RETAIN_SELF = YES;
				CLANG_WARN_OBJC_LITERAL_CONVERSION = YES;
				CLANG_WARN_QUOTED_INCLUDE_IN_FRAMEWORK_HEADER = YES;
				CLANG_WARN_RANGE_LOOP_ANALYSIS = YES;
				CLANG_WARN_STRICT_PROTOTYPES = YES;
				CLANG_WARN_SUSPICIOUS_MOVE = YES;
				CLANG_WARN_UNREACHABLE_CODE = YES;
				CLANG_WARN__DUPLICATE_METHOD_MATCH = YES;
				CURRENT_PROJECT_VERSION = 1;
				DEVELOPMENT_ASSET_PATHS = "\"accelsensordatarecording/Preview Content\"";
				DEVELOPMENT_TEAM = MRLTU5X8V6;
				ENABLE_PREVIEWS = YES;
				ENABLE_STRICT_OBJC_MSGSEND = YES;
				ENABLE_TESTABILITY = YES;
				ENABLE_USER_SCRIPT_SANDBOXING = YES;
				GCC_NO_COMMON_BLOCKS = YES;
				GCC_WARN_64_TO_32_BIT_CONVERSION = YES;
				GCC_WARN_ABOUT_RETURN_TYPE = YES;
				GCC_WARN_UNDECLARED_SELECTOR = YES;
				GCC_WARN_UNINITIALIZED_AUTOS = YES;
				GCC_WARN_UNUSED_FUNCTION = YES;
				GCC_WARN_UNUSED_VARIABLE = YES;
				GENERATE_INFOPLIST_FILE = NO;
				INFOPLIST_FILE = accelsensordatarecording/Info.plist;
				IPHONEOS_DEPLOYMENT_TARGET = 16.0;
				LD_RUNPATH_SEARCH_PATHS = (
					"$(inherited)",
					"@executable_path/Frameworks",
				);
				MARKETING_VERSION = 1.0;
				ONLY_ACTIVE_ARCH = YES;
				PRODUCT_BUNDLE_IDENTIFIER = com.example.accelsensordatarecording;
				PRODUCT_NAME = "$(TARGET_NAME)";
				SDKROOT = iphoneos;
				STRING_CATALOG_GENERATE_SYMBOLS = YES;
				SUPPORTED_PLATFORMS = "iphoneos iphonesimulator";
				SUPPORTS_MACCATALYST = NO;
				SUPPORTS_MAC_DESIGNED_FOR_IPHONE_IPAD = NO;
				SWIFT_VERSION = 5.0;
				TARGETED_DEVICE_FAMILY = 1;
			};
			name = Debug;
		};
		A1B2C3D4E5F6000000000061 /* Release */ = {
			isa = XCBuildConfiguration;
			buildSettings = {
				ASSETCATALOG_COMPILER_APPICON_NAME = AppIcon;
				CLANG_ENABLE_MODULES = YES;
				CLANG_WARN_BLOCK_CAPTURE_AUTORELEASING = YES;
				CLANG_WARN_BOOL_CONVERSION = YES;
				CLANG_WARN_COMMA = YES;
				CLANG_WARN_CONSTANT_CONVERSION = YES;
				CLANG_WARN_DEPRECATED_OBJC_IMPLEMENTATIONS = YES;
				CLANG_WARN_EMPTY_BODY = YES;
				CLANG_WARN_ENUM_CONVERSION = YES;
				CLANG_WARN_INFINITE_RECURSION = YES;
				CLANG_WARN_INT_CONVERSION = YES;
				CLANG_WARN_NON_LITERAL_NULL_CONVERSION = YES;
				CLANG_WARN_OBJC_IMPLICIT_RETAIN_SELF = YES;
				CLANG_WARN_OBJC_LITERAL_CONVERSION = YES;
				CLANG_WARN_QUOTED_INCLUDE_IN_FRAMEWORK_HEADER = YES;
				CLANG_WARN_RANGE_LOOP_ANALYSIS = YES;
				CLANG_WARN_STRICT_PROTOTYPES = YES;
				CLANG_WARN_SUSPICIOUS_MOVE = YES;
				CLANG_WARN_UNREACHABLE_CODE = YES;
				CLANG_WARN__DUPLICATE_METHOD_MATCH = YES;
				CURRENT_PROJECT_VERSION = 1;
				DEVELOPMENT_ASSET_PATHS = "\"accelsensordatarecording/Preview Content\"";
				DEVELOPMENT_TEAM = MRLTU5X8V6;
				ENABLE_PREVIEWS = YES;
				ENABLE_STRICT_OBJC_MSGSEND = YES;
				ENABLE_USER_SCRIPT_SANDBOXING = YES;
				GCC_NO_COMMON_BLOCKS = YES;
				GCC_WARN_64_TO_32_BIT_CONVERSION = YES;
				GCC_WARN_ABOUT_RETURN_TYPE = YES;
				GCC_WARN_UNDECLARED_SELECTOR = YES;
				GCC_WARN_UNINITIALIZED_AUTOS = YES;
				GCC_WARN_UNUSED_FUNCTION = YES;
				GCC_WARN_UNUSED_VARIABLE = YES;
				GENERATE_INFOPLIST_FILE = NO;
				INFOPLIST_FILE = accelsensordatarecording/Info.plist;
				IPHONEOS_DEPLOYMENT_TARGET = 16.0;
				LD_RUNPATH_SEARCH_PATHS = (
					"$(inherited)",
					"@executable_path/Frameworks",
				);
				MARKETING_VERSION = 1.0;
				PRODUCT_BUNDLE_IDENTIFIER = com.example.accelsensordatarecording;
				PRODUCT_NAME = "$(TARGET_NAME)";
				SDKROOT = iphoneos;
				STRING_CATALOG_GENERATE_SYMBOLS = YES;
				SUPPORTED_PLATFORMS = "iphoneos iphonesimulator";
				SUPPORTS_MACCATALYST = NO;
				SUPPORTS_MAC_DESIGNED_FOR_IPHONE_IPAD = NO;
				SWIFT_COMPILATION_MODE = wholemodule;
				SWIFT_VERSION = 5.0;
				TARGETED_DEVICE_FAMILY = 1;
			};
			name = Release;
		};
		A1B2C3D4E5F6000000000062 /* Debug */ = {
			isa = XCBuildConfiguration;
			buildSettings = {
				CLANG_ENABLE_MODULES = YES;
				CLANG_ENABLE_OBJC_WEAK = YES;
				CODE_SIGN_IDENTITY = "Apple Development";
				CODE_SIGN_STYLE = Automatic;
				CURRENT_PROJECT_VERSION = 1;
				DEVELOPMENT_TEAM = MRLTU5X8V6;
				GENERATE_INFOPLIST_FILE = NO;
				INFOPLIST_FILE = accelsensordatarecording/Info.plist;
				IPHONEOS_DEPLOYMENT_TARGET = 16.0;
				LD_RUNPATH_SEARCH_PATHS = (
					"$(inherited)",
					"@executable_path/Frameworks",
				);
				MARKETING_VERSION = 1.0;
				PRODUCT_BUNDLE_IDENTIFIER = com.example.accelsensordatarecording;
				PRODUCT_NAME = "$(TARGET_NAME)";
				PROVISIONING_PROFILE_SPECIFIER = "";
				SDKROOT = iphoneos;
				SUPPORTED_PLATFORMS = "iphoneos iphonesimulator";
				SUPPORTS_MACCATALYST = NO;
				SUPPORTS_MAC_DESIGNED_FOR_IPHONE_IPAD = NO;
				SWIFT_VERSION = 5.0;
				TARGETED_DEVICE_FAMILY = 1;
			};
			name = Debug;
		};
		A1B2C3D4E5F6000000000063 /* Release */ = {
			isa = XCBuildConfiguration;
			buildSettings = {
				CLANG_ENABLE_MODULES = YES;
				CLANG_ENABLE_OBJC_WEAK = YES;
				CODE_SIGN_IDENTITY = "Apple Development";
				CODE_SIGN_STYLE = Automatic;
				CURRENT_PROJECT_VERSION = 1;
				DEVELOPMENT_TEAM = MRLTU5X8V6;
				GENERATE_INFOPLIST_FILE = NO;
				INFOPLIST_FILE = accelsensordatarecording/Info.plist;
				IPHONEOS_DEPLOYMENT_TARGET = 16.0;
				LD_RUNPATH_SEARCH_PATHS = (
					"$(inherited)",
					"@executable_path/Frameworks",
				);
				MARKETING_VERSION = 1.0;
				PRODUCT_BUNDLE_IDENTIFIER = com.example.accelsensordatarecording;
				PRODUCT_NAME = "$(TARGET_NAME)";
				PROVISIONING_PROFILE_SPECIFIER = "";
				SDKROOT = iphoneos;
				SUPPORTED_PLATFORMS = "iphoneos iphonesimulator";
				SUPPORTS_MACCATALYST = NO;
				SUPPORTS_MAC_DESIGNED_FOR_IPHONE_IPAD = NO;
				SWIFT_VERSION = 5.0;
				TARGETED_DEVICE_FAMILY = 1;
			};
			name = Release;
		};
/* End XCBuildConfiguration section */

/* Begin XCConfigurationList section */
		A1B2C3D4E5F6000000000041 /* Build configuration list for PBXNativeTarget "accelsensordatarecording" */ = {
			isa = XCConfigurationList;
			buildConfigurations = (
				A1B2C3D4E5F6000000000062 /* Debug */,
				A1B2C3D4E5F6000000000063 /* Release */,
			);
			defaultConfigurationIsVisible = 0;
			defaultConfigurationName = Debug;
		};
		A1B2C3D4E5F6000000000051 /* Build configuration list for PBXProject "accelsensordatarecording" */ = {
			isa = XCConfigurationList;
			buildConfigurations = (
				A1B2C3D4E5F6000000000060 /* Debug */,
				A1B2C3D4E5F6000000000061 /* Release */,
			);
			defaultConfigurationIsVisible = 0;
			defaultConfigurationName = Debug;
		};
/* End XCConfigurationList section */
	};
	rootObject = A1B2C3D4E5F6000000000050 /* Project object */;
}
